
Microsoft Visual Studio Solution File, Format Version 12.00
# Visual Studio 2012
Project("{FAE04EC0-301F-11D3-BF4B-00C04F79EFBC}") = "Binary-to-Integer", "Binary-to-Integer\Binary-to-Integer.csproj", "{CDD66B73-EA9B-4ABC-B9E4-0F20818B911B}"
EndProject
Global
	GlobalSection(SolutionConfigurationPlatforms) = preSolution
		Debug|Any CPU = Debug|Any CPU
		Release|Any CPU = Release|Any CPU
	EndGlobalSection
	GlobalSection(ProjectConfigurationPlatforms) = postSolution
		{CDD66B73-EA9B-4ABC-B9E4-0F20818B911B}.Debug|Any CPU.ActiveCfg = Debug|Any CPU
		{CDD66B73-EA9B-4ABC-B9E4-0F20818B911B}.Debug|Any CPU.Build.0 = Debug|Any CPU
		{CDD66B73-EA9B-4ABC-B9E4-0F20818B911B}.Release|Any CPU.ActiveCfg = Release|Any CPU
		{CDD66B73-EA9B-4ABC-B9E4-0F20818B911B}.Release|Any CPU.Build.0 = Release|Any CPU
	EndGlobalSection
	GlobalSection(SolutionProperties) = preSolution
		HideSolutionNode = FALSE
	EndGlobalSection
EndGlobal
